
Microsoft Visual Studio Solution File, Format Version 12.00
# Visual Studio Version 16
VisualStudioVersion = 16.0.33130.400
MinimumVisualStudioVersion = 10.0.40219.1
Project("{FAE04EC0-301F-11D3-BF4B-00C04F79EFBC}") = "WebApplicationMKP", "WebApplicationMKP\WebApplicationMKP.csproj", "{8AF57343-37E5-443B-BD7B-D5071AE6EAE3}"
EndProject
Global
	GlobalSection(SolutionConfigurationPlatforms) = preSolution
		Debug|Any CPU = Debug|Any CPU
		Release|Any CPU = Release|Any CPU
	EndGlobalSection
	GlobalSection(ProjectConfigurationPlatforms) = postSolution
		{8AF57343-37E5-443B-BD7B-D5071AE6EAE3}.Debug|Any CPU.ActiveCfg = Debug|Any CPU
		{8AF57343-37E5-443B-BD7B-D5071AE6EAE3}.Debug|Any CPU.Build.0 = Debug|Any CPU
		{8AF57343-37E5-443B-BD7B-D5071AE6EAE3}.Release|Any CPU.ActiveCfg = Release|Any CPU
		{8AF57343-37E5-443B-BD7B-D5071AE6EAE3}.Release|Any CPU.Build.0 = Release|Any CPU
	EndGlobalSection
	GlobalSection(SolutionProperties) = preSolution
		HideSolutionNode = FALSE
	EndGlobalSection
	GlobalSection(ExtensibilityGlobals) = postSolution
		SolutionGuid = {6668D96C-89C2-4C98-9183-5F6186922BF4}
	EndGlobalSection
EndGlobal
